{
  "requires": true,
  "lockfileVersion": 1,
  "dependencies": {
    "@better-scroll/core": {
      "version": "2.0.0-beta.2",
      "resolved": "https://registry.npmjs.org/@better-scroll/core/-/core-2.0.0-beta.2.tgz",
      "integrity": "sha512-+gkRJ+5fnkl6y6rA8MB0D3vzLlvKuAlJwY6+oTB5xVYMx5qj4fa0/ZuIteBt4rSnT4GkKe8X3ejb+/wgh7aAJA==",
      "requires": {
        "@better-scroll/shared-utils": "^2.0.0-beta.2"
      }
    },
    "@better-scroll/shared-utils": {
      "version": "2.0.0-beta.2",
      "resolved": "https://registry.npmjs.org/@better-scroll/shared-utils/-/shared-utils-2.0.0-beta.2.tgz",
      "integrity": "sha512-iJT5krGpE3L5ZS6TYo5xqjpxbR3gub3cCD2cmgvFdCiKwXxqeTZdldt4/OCNxk2qwvYfv9ojyqzv7ENCxziLiA=="
    }
  }
}
